
Microsoft Visual Studio Solution File, Format Version 12.00
# Visual Studio Version 17
VisualStudioVersion = 17.0.31903.59
MinimumVisualStudioVersion = 10.0.40219.1
Project("{FAE04EC0-301F-11D3-BF4B-00C04F79EFBC}") = "ATS5.Application", "ATS5.Application\ATS5.Application.csproj", "{50F55BFF-5781-4EF1-8FD8-A2FC7094C263}"
EndProject
Project("{FAE04EC0-301F-11D3-BF4B-00C04F79EFBC}") = "ATS5.Infrastructure.LegacyAdapters", "ATS5.Infrastructure.LegacyAdapters\ATS5.Infrastructure.LegacyAdapters.csproj", "{E4934801-94C3-4EEF-B876-34BEAF0BC767}"
EndProject
Project("{FAE04EC0-301F-11D3-BF4B-00C04F79EFBC}") = "ATS5.Modules.DataQuery", "ATS5.Modules.DataQuery\ATS5.Modules.DataQuery.csproj", "{E24E06EC-CEA7-49A5-8131-85D97727BA3F}"
EndProject
Project("{FAE04EC0-301F-11D3-BF4B-00C04F79EFBC}") = "ATS5.Wpf.Core", "ATS5.Wpf.Core\ATS5.Wpf.Core.csproj", "{7FB8436A-29CA-4B12-9DC2-3CE262C2DB55}"
EndProject
Project("{FAE04EC0-301F-11D3-BF4B-00C04F79EFBC}") = "ATS5.Modules.Flow", "ATS5.Modules.Flow\ATS5.Modules.Flow.csproj", "{7A386F68-0381-44CB-BECD-7355E26F37FD}"
EndProject
Project("{FAE04EC0-301F-11D3-BF4B-00C04F79EFBC}") = "ATS5.Tests", "ATS5.Tests\ATS5.Tests.csproj", "{627FB5F0-8EFE-4CA8-ABF7-90B6202DE972}"
EndProject
Project("{FAE04EC0-301F-11D3-BF4B-00C04F79EFBC}") = "ATS5.Wpf", "ATS5.Wpf\ATS5.Wpf.csproj", "{3F27BBC4-48F9-4308-BCF4-A21BD50A1EFD}"
EndProject
Project("{FAE04EC0-301F-11D3-BF4B-00C04F79EFBC}") = "ATS5.Modules.Authority", "ATS5.Modules.Authority\ATS5.Modules.Authority.csproj", "{FAEF75DD-D802-4EFF-A828-5B0DEED22CF8}"
EndProject
Project("{FAE04EC0-301F-11D3-BF4B-00C04F79EFBC}") = "ATS5.Modules.Device", "ATS5.Modules.Device\ATS5.Modules.Device.csproj", "{20C87370-F4A4-40E4-BF9B-83D0ECA216CC}"
EndProject
Project("{FAE04EC0-301F-11D3-BF4B-00C04F79EFBC}") = "ATS5.Modules.ProductTest", "ATS5.Modules.ProductTest\ATS5.Modules.ProductTest.csproj", "{FFCBFB39-A8FA-44D1-BDC2-A48FB2A6F45F}"
EndProject
Global
	GlobalSection(SolutionConfigurationPlatforms) = preSolution
		Debug|Any CPU = Debug|Any CPU
		Debug|x64 = Debug|x64
		Debug|x86 = Debug|x86
		Release|Any CPU = Release|Any CPU
		Release|x64 = Release|x64
		Release|x86 = Release|x86
	EndGlobalSection
	GlobalSection(ProjectConfigurationPlatforms) = postSolution
		{50F55BFF-5781-4EF1-8FD8-A2FC7094C263}.Debug|Any CPU.ActiveCfg = Debug|Any CPU
		{50F55BFF-5781-4EF1-8FD8-A2FC7094C263}.Debug|Any CPU.Build.0 = Debug|Any CPU
		{50F55BFF-5781-4EF1-8FD8-A2FC7094C263}.Debug|x64.ActiveCfg = Debug|Any CPU
		{50F55BFF-5781-4EF1-8FD8-A2FC7094C263}.Debug|x64.Build.0 = Debug|Any CPU
		{50F55BFF-5781-4EF1-8FD8-A2FC7094C263}.Debug|x86.ActiveCfg = Debug|Any CPU
		{50F55BFF-5781-4EF1-8FD8-A2FC7094C263}.Debug|x86.Build.0 = Debug|Any CPU
		{50F55BFF-5781-4EF1-8FD8-A2FC7094C263}.Release|Any CPU.ActiveCfg = Release|Any CPU
		{50F55BFF-5781-4EF1-8FD8-A2FC7094C263}.Release|Any CPU.Build.0 = Release|Any CPU
		{50F55BFF-5781-4EF1-8FD8-A2FC7094C263}.Release|x64.ActiveCfg = Release|Any CPU
		{50F55BFF-5781-4EF1-8FD8-A2FC7094C263}.Release|x64.Build.0 = Release|Any CPU
		{50F55BFF-5781-4EF1-8FD8-A2FC7094C263}.Release|x86.ActiveCfg = Release|Any CPU
		{50F55BFF-5781-4EF1-8FD8-A2FC7094C263}.Release|x86.Build.0 = Release|Any CPU
		{E4934801-94C3-4EEF-B876-34BEAF0BC767}.Debug|Any CPU.ActiveCfg = Debug|Any CPU
		{E4934801-94C3-4EEF-B876-34BEAF0BC767}.Debug|Any CPU.Build.0 = Debug|Any CPU
		{E4934801-94C3-4EEF-B876-34BEAF0BC767}.Debug|x64.ActiveCfg = Debug|Any CPU
		{E4934801-94C3-4EEF-B876-34BEAF0BC767}.Debug|x64.Build.0 = Debug|Any CPU
		{E4934801-94C3-4EEF-B876-34BEAF0BC767}.Debug|x86.ActiveCfg = Debug|Any CPU
		{E4934801-94C3-4EEF-B876-34BEAF0BC767}.Debug|x86.Build.0 = Debug|Any CPU
		{E4934801-94C3-4EEF-B876-34BEAF0BC767}.Release|Any CPU.ActiveCfg = Release|Any CPU
		{E4934801-94C3-4EEF-B876-34BEAF0BC767}.Release|Any CPU.Build.0 = Release|Any CPU
		{E4934801-94C3-4EEF-B876-34BEAF0BC767}.Release|x64.ActiveCfg = Release|Any CPU
		{E4934801-94C3-4EEF-B876-34BEAF0BC767}.Release|x64.Build.0 = Release|Any CPU
		{E4934801-94C3-4EEF-B876-34BEAF0BC767}.Release|x86.ActiveCfg = Release|Any CPU
		{E4934801-94C3-4EEF-B876-34BEAF0BC767}.Release|x86.Build.0 = Release|Any CPU
		{E24E06EC-CEA7-49A5-8131-85D97727BA3F}.Debug|Any CPU.ActiveCfg = Debug|Any CPU
		{E24E06EC-CEA7-49A5-8131-85D97727BA3F}.Debug|Any CPU.Build.0 = Debug|Any CPU
		{E24E06EC-CEA7-49A5-8131-85D97727BA3F}.Debug|x64.ActiveCfg = Debug|Any CPU
		{E24E06EC-CEA7-49A5-8131-85D97727BA3F}.Debug|x64.Build.0 = Debug|Any CPU
		{E24E06EC-CEA7-49A5-8131-85D97727BA3F}.Debug|x86.ActiveCfg = Debug|Any CPU
		{E24E06EC-CEA7-49A5-8131-85D97727BA3F}.Debug|x86.Build.0 = Debug|Any CPU
		{E24E06EC-CEA7-49A5-8131-85D97727BA3F}.Release|Any CPU.ActiveCfg = Release|Any CPU
		{E24E06EC-CEA7-49A5-8131-85D97727BA3F}.Release|Any CPU.Build.0 = Release|Any CPU
		{E24E06EC-CEA7-49A5-8131-85D97727BA3F}.Release|x64.ActiveCfg = Release|Any CPU
		{E24E06EC-CEA7-49A5-8131-85D97727BA3F}.Release|x64.Build.0 = Release|Any CPU
		{E24E06EC-CEA7-49A5-8131-85D97727BA3F}.Release|x86.ActiveCfg = Release|Any CPU
		{E24E06EC-CEA7-49A5-8131-85D97727BA3F}.Release|x86.Build.0 = Release|Any CPU
		{7FB8436A-29CA-4B12-9DC2-3CE262C2DB55}.Debug|Any CPU.ActiveCfg = Debug|Any CPU
		{7FB8436A-29CA-4B12-9DC2-3CE262C2DB55}.Debug|Any CPU.Build.0 = Debug|Any CPU
		{7FB8436A-29CA-4B12-9DC2-3CE262C2DB55}.Debug|x64.ActiveCfg = Debug|Any CPU
		{7FB8436A-29CA-4B12-9DC2-3CE262C2DB55}.Debug|x64.Build.0 = Debug|Any CPU
		{7FB8436A-29CA-4B12-9DC2-3CE262C2DB55}.Debug|x86.ActiveCfg = Debug|Any CPU
		{7FB8436A-29CA-4B12-9DC2-3CE262C2DB55}.Debug|x86.Build.0 = Debug|Any CPU
		{7FB8436A-29CA-4B12-9DC2-3CE262C2DB55}.Release|Any CPU.ActiveCfg = Release|Any CPU
		{7FB8436A-29CA-4B12-9DC2-3CE262C2DB55}.Release|Any CPU.Build.0 = Release|Any CPU
		{7FB8436A-29CA-4B12-9DC2-3CE262C2DB55}.Release|x64.ActiveCfg = Release|Any CPU
		{7FB8436A-29CA-4B12-9DC2-3CE262C2DB55}.Release|x64.Build.0 = Release|Any CPU
		{7FB8436A-29CA-4B12-9DC2-3CE262C2DB55}.Release|x86.ActiveCfg = Release|Any CPU
		{7FB8436A-29CA-4B12-9DC2-3CE262C2DB55}.Release|x86.Build.0 = Release|Any CPU
		{7A386F68-0381-44CB-BECD-7355E26F37FD}.Debug|Any CPU.ActiveCfg = Debug|Any CPU
		{7A386F68-0381-44CB-BECD-7355E26F37FD}.Debug|Any CPU.Build.0 = Debug|Any CPU
		{7A386F68-0381-44CB-BECD-7355E26F37FD}.Debug|x64.ActiveCfg = Debug|Any CPU
		{7A386F68-0381-44CB-BECD-7355E26F37FD}.Debug|x64.Build.0 = Debug|Any CPU
		{7A386F68-0381-44CB-BECD-7355E26F37FD}.Debug|x86.ActiveCfg = Debug|Any CPU
		{7A386F68-0381-44CB-BECD-7355E26F37FD}.Debug|x86.Build.0 = Debug|Any CPU
		{7A386F68-0381-44CB-BECD-7355E26F37FD}.Release|Any CPU.ActiveCfg = Release|Any CPU
		{7A386F68-0381-44CB-BECD-7355E26F37FD}.Release|Any CPU.Build.0 = Release|Any CPU
		{7A386F68-0381-44CB-BECD-7355E26F37FD}.Release|x64.ActiveCfg = Release|Any CPU
		{7A386F68-0381-44CB-BECD-7355E26F37FD}.Release|x64.Build.0 = Release|Any CPU
		{7A386F68-0381-44CB-BECD-7355E26F37FD}.Release|x86.ActiveCfg = Release|Any CPU
		{7A386F68-0381-44CB-BECD-7355E26F37FD}.Release|x86.Build.0 = Release|Any CPU
		{627FB5F0-8EFE-4CA8-ABF7-90B6202DE972}.Debug|Any CPU.ActiveCfg = Debug|Any CPU
		{627FB5F0-8EFE-4CA8-ABF7-90B6202DE972}.Debug|Any CPU.Build.0 = Debug|Any CPU
		{627FB5F0-8EFE-4CA8-ABF7-90B6202DE972}.Debug|x64.ActiveCfg = Debug|Any CPU
		{627FB5F0-8EFE-4CA8-ABF7-90B6202DE972}.Debug|x64.Build.0 = Debug|Any CPU
		{627FB5F0-8EFE-4CA8-ABF7-90B6202DE972}.Debug|x86.ActiveCfg = Debug|Any CPU
		{627FB5F0-8EFE-4CA8-ABF7-90B6202DE972}.Debug|x86.Build.0 = Debug|Any CPU
		{627FB5F0-8EFE-4CA8-ABF7-90B6202DE972}.Release|Any CPU.ActiveCfg = Release|Any CPU
		{627FB5F0-8EFE-4CA8-ABF7-90B6202DE972}.Release|Any CPU.Build.0 = Release|Any CPU
		{627FB5F0-8EFE-4CA8-ABF7-90B6202DE972}.Release|x64.ActiveCfg = Release|Any CPU
		{627FB5F0-8EFE-4CA8-ABF7-90B6202DE972}.Release|x64.Build.0 = Release|Any CPU
		{627FB5F0-8EFE-4CA8-ABF7-90B6202DE972}.Release|x86.ActiveCfg = Release|Any CPU
		{627FB5F0-8EFE-4CA8-ABF7-90B6202DE972}.Release|x86.Build.0 = Release|Any CPU
		{3F27BBC4-48F9-4308-BCF4-A21BD50A1EFD}.Debug|Any CPU.ActiveCfg = Debug|Any CPU
		{3F27BBC4-48F9-4308-BCF4-A21BD50A1EFD}.Debug|Any CPU.Build.0 = Debug|Any CPU
		{3F27BBC4-48F9-4308-BCF4-A21BD50A1EFD}.Debug|x64.ActiveCfg = Debug|Any CPU
		{3F27BBC4-48F9-4308-BCF4-A21BD50A1EFD}.Debug|x64.Build.0 = Debug|Any CPU
		{3F27BBC4-48F9-4308-BCF4-A21BD50A1EFD}.Debug|x86.ActiveCfg = Debug|Any CPU
		{3F27BBC4-48F9-4308-BCF4-A21BD50A1EFD}.Debug|x86.Build.0 = Debug|Any CPU
		{3F27BBC4-48F9-4308-BCF4-A21BD50A1EFD}.Release|Any CPU.ActiveCfg = Release|Any CPU
		{3F27BBC4-48F9-4308-BCF4-A21BD50A1EFD}.Release|Any CPU.Build.0 = Release|Any CPU
		{3F27BBC4-48F9-4308-BCF4-A21BD50A1EFD}.Release|x64.ActiveCfg = Release|Any CPU
		{3F27BBC4-48F9-4308-BCF4-A21BD50A1EFD}.Release|x64.Build.0 = Release|Any CPU
		{3F27BBC4-48F9-4308-BCF4-A21BD50A1EFD}.Release|x86.ActiveCfg = Release|Any CPU
		{3F27BBC4-48F9-4308-BCF4-A21BD50A1EFD}.Release|x86.Build.0 = Release|Any CPU
		{FAEF75DD-D802-4EFF-A828-5B0DEED22CF8}.Debug|Any CPU.ActiveCfg = Debug|Any CPU
		{FAEF75DD-D802-4EFF-A828-5B0DEED22CF8}.Debug|Any CPU.Build.0 = Debug|Any CPU
		{FAEF75DD-D802-4EFF-A828-5B0DEED22CF8}.Debug|x64.ActiveCfg = Debug|Any CPU
		{FAEF75DD-D802-4EFF-A828-5B0DEED22CF8}.Debug|x64.Build.0 = Debug|Any CPU
		{FAEF75DD-D802-4EFF-A828-5B0DEED22CF8}.Debug|x86.ActiveCfg = Debug|Any CPU
		{FAEF75DD-D802-4EFF-A828-5B0DEED22CF8}.Debug|x86.Build.0 = Debug|Any CPU
		{FAEF75DD-D802-4EFF-A828-5B0DEED22CF8}.Release|Any CPU.ActiveCfg = Release|Any CPU
		{FAEF75DD-D802-4EFF-A828-5B0DEED22CF8}.Release|Any CPU.Build.0 = Release|Any CPU
		{FAEF75DD-D802-4EFF-A828-5B0DEED22CF8}.Release|x64.ActiveCfg = Release|Any CPU
		{FAEF75DD-D802-4EFF-A828-5B0DEED22CF8}.Release|x64.Build.0 = Release|Any CPU
		{FAEF75DD-D802-4EFF-A828-5B0DEED22CF8}.Release|x86.ActiveCfg = Release|Any CPU
		{FAEF75DD-D802-4EFF-A828-5B0DEED22CF8}.Release|x86.Build.0 = Release|Any CPU
		{20C87370-F4A4-40E4-BF9B-83D0ECA216CC}.Debug|Any CPU.ActiveCfg = Debug|Any CPU
		{20C87370-F4A4-40E4-BF9B-83D0ECA216CC}.Debug|Any CPU.Build.0 = Debug|Any CPU
		{20C87370-F4A4-40E4-BF9B-83D0ECA216CC}.Debug|x64.ActiveCfg = Debug|Any CPU
		{20C87370-F4A4-40E4-BF9B-83D0ECA216CC}.Debug|x64.Build.0 = Debug|Any CPU
		{20C87370-F4A4-40E4-BF9B-83D0ECA216CC}.Debug|x86.ActiveCfg = Debug|Any CPU
		{20C87370-F4A4-40E4-BF9B-83D0ECA216CC}.Debug|x86.Build.0 = Debug|Any CPU
		{20C87370-F4A4-40E4-BF9B-83D0ECA216CC}.Release|Any CPU.ActiveCfg = Release|Any CPU
		{20C87370-F4A4-40E4-BF9B-83D0ECA216CC}.Release|Any CPU.Build.0 = Release|Any CPU
		{20C87370-F4A4-40E4-BF9B-83D0ECA216CC}.Release|x64.ActiveCfg = Release|Any CPU
		{20C87370-F4A4-40E4-BF9B-83D0ECA216CC}.Release|x64.Build.0 = Release|Any CPU
		{20C87370-F4A4-40E4-BF9B-83D0ECA216CC}.Release|x86.ActiveCfg = Release|Any CPU
		{20C87370-F4A4-40E4-BF9B-83D0ECA216CC}.Release|x86.Build.0 = Release|Any CPU
		{FFCBFB39-A8FA-44D1-BDC2-A48FB2A6F45F}.Debug|Any CPU.ActiveCfg = Debug|Any CPU
		{FFCBFB39-A8FA-44D1-BDC2-A48FB2A6F45F}.Debug|Any CPU.Build.0 = Debug|Any CPU
		{FFCBFB39-A8FA-44D1-BDC2-A48FB2A6F45F}.Debug|x64.ActiveCfg = Debug|Any CPU
		{FFCBFB39-A8FA-44D1-BDC2-A48FB2A6F45F}.Debug|x64.Build.0 = Debug|Any CPU
		{FFCBFB39-A8FA-44D1-BDC2-A48FB2A6F45F}.Debug|x86.ActiveCfg = Debug|Any CPU
		{FFCBFB39-A8FA-44D1-BDC2-A48FB2A6F45F}.Debug|x86.Build.0 = Debug|Any CPU
		{FFCBFB39-A8FA-44D1-BDC2-A48FB2A6F45F}.Release|Any CPU.ActiveCfg = Release|Any CPU
		{FFCBFB39-A8FA-44D1-BDC2-A48FB2A6F45F}.Release|Any CPU.Build.0 = Release|Any CPU
		{FFCBFB39-A8FA-44D1-BDC2-A48FB2A6F45F}.Release|x64.ActiveCfg = Release|Any CPU
		{FFCBFB39-A8FA-44D1-BDC2-A48FB2A6F45F}.Release|x64.Build.0 = Release|Any CPU
		{FFCBFB39-A8FA-44D1-BDC2-A48FB2A6F45F}.Release|x86.ActiveCfg = Release|Any CPU
		{FFCBFB39-A8FA-44D1-BDC2-A48FB2A6F45F}.Release|x86.Build.0 = Release|Any CPU
	EndGlobalSection
	GlobalSection(SolutionProperties) = preSolution
		HideSolutionNode = FALSE
	EndGlobalSection
EndGlobal
